<?xml version="1.0" encoding="utf-8"?>
<Project ToolsVersion="4.0" xmlns="http://schemas.microsoft.com/developer/msbuild/2003">
  <ItemGroup>
    <Filter Include="소스 파일">
      <UniqueIdentifier>{4FC737F1-C7A5-4376-A066-2A32D752A2FF}</UniqueIdentifier>
      <Extensions>cpp;c;cc;cxx;c++;cppm;ixx;def;odl;idl;hpj;bat;asm;asmx</Extensions>
    </Filter>
    <Filter Include="헤더 파일">
      <UniqueIdentifier>{93995380-89BD-4b04-88EB-625FBE52EBFB}</UniqueIdentifier>
      <Extensions>h;hh;hpp;hxx;h++;hm;inl;inc;ipp;xsd</Extensions>
    </Filter>
    <Filter Include="리소스 파일">
      <UniqueIdentifier>{67DA6AB6-F800-4c08-8B7A-83BB121AAD01}</UniqueIdentifier>
      <Extensions>rc;ico;cur;bmp;dlg;rc2;rct;bin;rgs;gif;jpg;jpeg;jpe;resx;tiff;tif;png;wav;mfcribbon-ms</Extensions>
    </Filter>
    <Filter Include="소스 파일\00.MainUpdate">
      <UniqueIdentifier>{4d23a587-5bfd-496f-8a62-d5fa541b0963}</UniqueIdentifier>
    </Filter>
    <Filter Include="소스 파일\99.Manager">
      <UniqueIdentifier>{d6f7a95c-3360-433d-a709-7edf880b9214}</UniqueIdentifier>
    </Filter>
    <Filter Include="소스 파일\99.Manager\SceneManager">
      <UniqueIdentifier>{afd19059-28a5-4519-9c3e-66327e70fa21}</UniqueIdentifier>
    </Filter>
    <Filter Include="소스 파일\99.Manager\InputManager">
      <UniqueIdentifier>{9d93c742-ae9c-4d53-a42a-3fb284956dc8}</UniqueIdentifier>
    </Filter>
    <Filter Include="소스 파일\01.Scene">
      <UniqueIdentifier>{0594dcc8-ed52-437a-a27d-f84b60424c63}</UniqueIdentifier>
    </Filter>
    <Filter Include="소스 파일\01.Scene\Logo">
      <UniqueIdentifier>{e779d6bd-0caf-43ed-b7c9-35877bbfe5a4}</UniqueIdentifier>
    </Filter>
    <Filter Include="소스 파일\01.Scene\Stage">
      <UniqueIdentifier>{506861f7-0a44-4dd9-b060-e5daca8da225}</UniqueIdentifier>
    </Filter>
    <Filter Include="소스 파일\01.Scene\Menu">
      <UniqueIdentifier>{c96c45fd-85c4-47b9-b138-375c6fa7344c}</UniqueIdentifier>
    </Filter>
    <Filter Include="소스 파일\99.Manager\ObjectManager">
      <UniqueIdentifier>{5818caa7-64c3-47d3-beb6-3203d1244f27}</UniqueIdentifier>
    </Filter>
    <Filter Include="소스 파일\02.Object">
      <UniqueIdentifier>{4e73e532-c0a7-4afb-9b7f-7f552d78940d}</UniqueIdentifier>
    </Filter>
    <Filter Include="소스 파일\02.Object\Player">
      <UniqueIdentifier>{a9b74ecf-5f4f-4fcf-8eb8-5aedb815c5bd}</UniqueIdentifier>
    </Filter>
    <Filter Include="소스 파일\02.Object\Enemy">
      <UniqueIdentifier>{b577903c-fabc-47de-8d3f-efa3b36df3cc}</UniqueIdentifier>
    </Filter>
    <Filter Include="소스 파일\02.Object\Bullet">
      <UniqueIdentifier>{b27b6dac-4b51-4956-b69e-2c581952ae54}</UniqueIdentifier>
    </Filter>
  </ItemGroup>
  <ItemGroup>
    <ClCompile Include="Main.cpp">
      <Filter>소스 파일</Filter>
    </ClCompile>
    <ClCompile Include="MainUpdate.cpp">
      <Filter>소스 파일\00.MainUpdate</Filter>
    </ClCompile>
    <ClCompile Include="SceneManager.cpp">
      <Filter>소스 파일\99.Manager\SceneManager</Filter>
    </ClCompile>
    <ClCompile Include="InputManager.cpp">
      <Filter>소스 파일\99.Manager\InputManager</Filter>
    </ClCompile>
    <ClCompile Include="Logo.cpp">
      <Filter>소스 파일\01.Scene\Logo</Filter>
    </ClCompile>
    <ClCompile Include="Menu.cpp">
      <Filter>소스 파일\01.Scene\Menu</Filter>
    </ClCompile>
    <ClCompile Include="Stage.cpp">
      <Filter>소스 파일\01.Scene\Stage</Filter>
    </ClCompile>
    <ClCompile Include="Scene.cpp">
      <Filter>소스 파일\01.Scene</Filter>
    </ClCompile>
    <ClCompile Include="ObjectManager.cpp">
      <Filter>소스 파일\99.Manager\ObjectManager</Filter>
    </ClCompile>
    <ClCompile Include="Player.cpp">
      <Filter>소스 파일\02.Object\Player</Filter>
    </ClCompile>
    <ClCompile Include="Object.cpp">
      <Filter>소스 파일\02.Object</Filter>
    </ClCompile>
    <ClCompile Include="Enemy.cpp">
      <Filter>소스 파일\02.Object\Enemy</Filter>
    </ClCompile>
    <ClCompile Include="Bullet.cpp">
      <Filter>소스 파일\02.Object\Bullet</Filter>
    </ClCompile>
  </ItemGroup>
  <ItemGroup>
    <ClInclude Include="Headers.h">
      <Filter>헤더 파일</Filter>
    </ClInclude>
    <ClInclude Include="MainUpdate.h">
      <Filter>소스 파일\00.MainUpdate</Filter>
    </ClInclude>
    <ClInclude Include="Enum.h">
      <Filter>헤더 파일</Filter>
    </ClInclude>
    <ClInclude Include="SceneManager.h">
      <Filter>소스 파일\99.Manager\SceneManager</Filter>
    </ClInclude>
    <ClInclude Include="InputManager.h">
      <Filter>소스 파일\99.Manager\InputManager</Filter>
    </ClInclude>
    <ClInclude Include="Logo.h">
      <Filter>소스 파일\01.Scene\Logo</Filter>
    </ClInclude>
    <ClInclude Include="Menu.h">
      <Filter>소스 파일\01.Scene\Menu</Filter>
    </ClInclude>
    <ClInclude Include="Scene.h">
      <Filter>소스 파일\01.Scene</Filter>
    </ClInclude>
    <ClInclude Include="Stage.h">
      <Filter>소스 파일\01.Scene\Stage</Filter>
    </ClInclude>
    <ClInclude Include="Constant.h">
      <Filter>헤더 파일</Filter>
    </ClInclude>
    <ClInclude Include="ObjectManager.h">
      <Filter>소스 파일\99.Manager\ObjectManager</Filter>
    </ClInclude>
    <ClInclude Include="Object.h">
      <Filter>소스 파일\02.Object</Filter>
    </ClInclude>
    <ClInclude Include="Player.h">
      <Filter>소스 파일\02.Object\Player</Filter>
    </ClInclude>
    <ClInclude Include="Enemy.h">
      <Filter>소스 파일\02.Object\Enemy</Filter>
    </ClInclude>
    <ClInclude Include="Bullet.h">
      <Filter>소스 파일\02.Object\Bullet</Filter>
    </ClInclude>
    <ClInclude Include="Struct.h">
      <Filter>헤더 파일</Filter>
    </ClInclude>
  </ItemGroup>
</Project>